
Microsoft Visual Studio Solution File, Format Version 12.00
# Visual Studio Version 17
VisualStudioVersion = 17.9.34728.123
MinimumVisualStudioVersion = 10.0.40219.1
Project("{9A19103F-16F7-4668-BE54-9A1E7A4F7556}") = "AppBlogAPI", "AppBlogAPI\AppBlogAPI.csproj", "{B05C7288-728C-4547-9DCA-EDB69E794693}"
EndProject
Project("{9A19103F-16F7-4668-BE54-9A1E7A4F7556}") = "ServidorWebSocket", "ServidorWebSocket\ServidorWebSocket.csproj", "{79B4B05D-1EDE-4865-AC79-CD64128CF229}"
EndProject
Project("{2150E333-8FDC-42A3-9474-1A3956D46DE8}") = "Itens de Solução", "Itens de Solução", "{54C45279-4EC7-46D0-9217-3A15E92E4CA4}"
	ProjectSection(SolutionItems) = preProject
		..\Glemo\Blazor_admin_Cms\.gitignore = ..\Glemo\Blazor_admin_Cms\.gitignore
	EndProjectSection
EndProject
Global
	GlobalSection(SolutionConfigurationPlatforms) = preSolution
		Debug|Any CPU = Debug|Any CPU
		Release|Any CPU = Release|Any CPU
	EndGlobalSection
	GlobalSection(ProjectConfigurationPlatforms) = postSolution
		{B05C7288-728C-4547-9DCA-EDB69E794693}.Debug|Any CPU.ActiveCfg = Debug|Any CPU
		{B05C7288-728C-4547-9DCA-EDB69E794693}.Debug|Any CPU.Build.0 = Debug|Any CPU
		{B05C7288-728C-4547-9DCA-EDB69E794693}.Release|Any CPU.ActiveCfg = Release|Any CPU
		{B05C7288-728C-4547-9DCA-EDB69E794693}.Release|Any CPU.Build.0 = Release|Any CPU
		{79B4B05D-1EDE-4865-AC79-CD64128CF229}.Debug|Any CPU.ActiveCfg = Debug|Any CPU
		{79B4B05D-1EDE-4865-AC79-CD64128CF229}.Debug|Any CPU.Build.0 = Debug|Any CPU
		{79B4B05D-1EDE-4865-AC79-CD64128CF229}.Release|Any CPU.ActiveCfg = Release|Any CPU
		{79B4B05D-1EDE-4865-AC79-CD64128CF229}.Release|Any CPU.Build.0 = Release|Any CPU
	EndGlobalSection
	GlobalSection(SolutionProperties) = preSolution
		HideSolutionNode = FALSE
	EndGlobalSection
	GlobalSection(ExtensibilityGlobals) = postSolution
		SolutionGuid = {3DC40368-E8D8-4700-ABEB-39D7D50849DB}
	EndGlobalSection
EndGlobal
